
Microsoft Visual Studio Solution File, Format Version 12.00
# Visual Studio Version 16
VisualStudioVersion = 16.0.31727.386
MinimumVisualStudioVersion = 10.0.40219.1
Project("{FAE04EC0-301F-11D3-BF4B-00C04F79EFBC}") = "movie ratings app.UWP", "movie ratings app.UWP\movie ratings app.UWP.csproj", "{61AD03B8-6746-4064-B59C-D3AB31202E45}"
EndProject
Project("{FAE04EC0-301F-11D3-BF4B-00C04F79EFBC}") = "movie ratings app.Android", "movie ratings app.Android\movie ratings app.Android.csproj", "{BE3E49EE-4F27-42A0-83F6-FCC99B140FFA}"
EndProject
Project("{FAE04EC0-301F-11D3-BF4B-00C04F79EFBC}") = "movie ratings app.iOS", "movie ratings app.iOS\movie ratings app.iOS.csproj", "{84D5F78A-BD11-4DD3-BD81-AA8071E1C3E4}"
EndProject
Project("{FAE04EC0-301F-11D3-BF4B-00C04F79EFBC}") = "movie ratings app", "movie ratings app\movie ratings app.csproj", "{A905C0F0-248A-4851-9CBA-5AE552C4E975}"
EndProject
Global
	GlobalSection(SolutionConfigurationPlatforms) = preSolution
		Debug|Any CPU = Debug|Any CPU
		Debug|ARM = Debug|ARM
		Debug|iPhone = Debug|iPhone
		Debug|iPhoneSimulator = Debug|iPhoneSimulator
		Debug|x64 = Debug|x64
		Debug|x86 = Debug|x86
		Release|Any CPU = Release|Any CPU
		Release|ARM = Release|ARM
		Release|iPhone = Release|iPhone
		Release|iPhoneSimulator = Release|iPhoneSimulator
		Release|x64 = Release|x64
		Release|x86 = Release|x86
	EndGlobalSection
	GlobalSection(ProjectConfigurationPlatforms) = postSolution
		{61AD03B8-6746-4064-B59C-D3AB31202E45}.Debug|Any CPU.ActiveCfg = Debug|x86
		{61AD03B8-6746-4064-B59C-D3AB31202E45}.Debug|Any CPU.Build.0 = Debug|x86
		{61AD03B8-6746-4064-B59C-D3AB31202E45}.Debug|Any CPU.Deploy.0 = Debug|x86
		{61AD03B8-6746-4064-B59C-D3AB31202E45}.Debug|ARM.ActiveCfg = Debug|ARM
		{61AD03B8-6746-4064-B59C-D3AB31202E45}.Debug|ARM.Build.0 = Debug|ARM
		{61AD03B8-6746-4064-B59C-D3AB31202E45}.Debug|ARM.Deploy.0 = Debug|ARM
		{61AD03B8-6746-4064-B59C-D3AB31202E45}.Debug|iPhone.ActiveCfg = Debug|x86
		{61AD03B8-6746-4064-B59C-D3AB31202E45}.Debug|iPhone.Build.0 = Debug|x86
		{61AD03B8-6746-4064-B59C-D3AB31202E45}.Debug|iPhone.Deploy.0 = Debug|x86
		{61AD03B8-6746-4064-B59C-D3AB31202E45}.Debug|iPhoneSimulator.ActiveCfg = Debug|x86
		{61AD03B8-6746-4064-B59C-D3AB31202E45}.Debug|iPhoneSimulator.Build.0 = Debug|x86
		{61AD03B8-6746-4064-B59C-D3AB31202E45}.Debug|iPhoneSimulator.Deploy.0 = Debug|x86
		{61AD03B8-6746-4064-B59C-D3AB31202E45}.Debug|x64.ActiveCfg = Debug|x64
		{61AD03B8-6746-4064-B59C-D3AB31202E45}.Debug|x64.Build.0 = Debug|x64
		{61AD03B8-6746-4064-B59C-D3AB31202E45}.Debug|x64.Deploy.0 = Debug|x64
		{61AD03B8-6746-4064-B59C-D3AB31202E45}.Debug|x86.ActiveCfg = Debug|x86
		{61AD03B8-6746-4064-B59C-D3AB31202E45}.Debug|x86.Build.0 = Debug|x86
		{61AD03B8-6746-4064-B59C-D3AB31202E45}.Debug|x86.Deploy.0 = Debug|x86
		{61AD03B8-6746-4064-B59C-D3AB31202E45}.Release|Any CPU.ActiveCfg = Release|x86
		{61AD03B8-6746-4064-B59C-D3AB31202E45}.Release|Any CPU.Build.0 = Release|x86
		{61AD03B8-6746-4064-B59C-D3AB31202E45}.Release|Any CPU.Deploy.0 = Release|x86
		{61AD03B8-6746-4064-B59C-D3AB31202E45}.Release|ARM.ActiveCfg = Release|ARM
		{61AD03B8-6746-4064-B59C-D3AB31202E45}.Release|ARM.Build.0 = Release|ARM
		{61AD03B8-6746-4064-B59C-D3AB31202E45}.Release|ARM.Deploy.0 = Release|ARM
		{61AD03B8-6746-4064-B59C-D3AB31202E45}.Release|iPhone.ActiveCfg = Release|x86
		{61AD03B8-6746-4064-B59C-D3AB31202E45}.Release|iPhone.Build.0 = Release|x86
		{61AD03B8-6746-4064-B59C-D3AB31202E45}.Release|iPhone.Deploy.0 = Release|x86
		{61AD03B8-6746-4064-B59C-D3AB31202E45}.Release|iPhoneSimulator.ActiveCfg = Release|x86
		{61AD03B8-6746-4064-B59C-D3AB31202E45}.Release|iPhoneSimulator.Build.0 = Release|x86
		{61AD03B8-6746-4064-B59C-D3AB31202E45}.Release|iPhoneSimulator.Deploy.0 = Release|x86
		{61AD03B8-6746-4064-B59C-D3AB31202E45}.Release|x64.ActiveCfg = Release|x64
		{61AD03B8-6746-4064-B59C-D3AB31202E45}.Release|x64.Build.0 = Release|x64
		{61AD03B8-6746-4064-B59C-D3AB31202E45}.Release|x64.Deploy.0 = Release|x64
		{61AD03B8-6746-4064-B59C-D3AB31202E45}.Release|x86.ActiveCfg = Release|x86
		{61AD03B8-6746-4064-B59C-D3AB31202E45}.Release|x86.Build.0 = Release|x86
		{61AD03B8-6746-4064-B59C-D3AB31202E45}.Release|x86.Deploy.0 = Release|x86
		{BE3E49EE-4F27-42A0-83F6-FCC99B140FFA}.Debug|Any CPU.ActiveCfg = Debug|Any CPU
		{BE3E49EE-4F27-42A0-83F6-FCC99B140FFA}.Debug|Any CPU.Build.0 = Debug|Any CPU
		{BE3E49EE-4F27-42A0-83F6-FCC99B140FFA}.Debug|Any CPU.Deploy.0 = Debug|Any CPU
		{BE3E49EE-4F27-42A0-83F6-FCC99B140FFA}.Debug|ARM.ActiveCfg = Debug|Any CPU
		{BE3E49EE-4F27-42A0-83F6-FCC99B140FFA}.Debug|ARM.Build.0 = Debug|Any CPU
		{BE3E49EE-4F27-42A0-83F6-FCC99B140FFA}.Debug|ARM.Deploy.0 = Debug|Any CPU
		{BE3E49EE-4F27-42A0-83F6-FCC99B140FFA}.Debug|iPhone.ActiveCfg = Debug|Any CPU
		{BE3E49EE-4F27-42A0-83F6-FCC99B140FFA}.Debug|iPhone.Build.0 = Debug|Any CPU
		{BE3E49EE-4F27-42A0-83F6-FCC99B140FFA}.Debug|iPhone.Deploy.0 = Debug|Any CPU
		{BE3E49EE-4F27-42A0-83F6-FCC99B140FFA}.Debug|iPhoneSimulator.ActiveCfg = Debug|Any CPU
		{BE3E49EE-4F27-42A0-83F6-FCC99B140FFA}.Debug|iPhoneSimulator.Build.0 = Debug|Any CPU
		{BE3E49EE-4F27-42A0-83F6-FCC99B140FFA}.Debug|iPhoneSimulator.Deploy.0 = Debug|Any CPU
		{BE3E49EE-4F27-42A0-83F6-FCC99B140FFA}.Debug|x64.ActiveCfg = Debug|Any CPU
		{BE3E49EE-4F27-42A0-83F6-FCC99B140FFA}.Debug|x64.Build.0 = Debug|Any CPU
		{BE3E49EE-4F27-42A0-83F6-FCC99B140FFA}.Debug|x64.Deploy.0 = Debug|Any CPU
		{BE3E49EE-4F27-42A0-83F6-FCC99B140FFA}.Debug|x86.ActiveCfg = Debug|Any CPU
		{BE3E49EE-4F27-42A0-83F6-FCC99B140FFA}.Debug|x86.Build.0 = Debug|Any CPU
		{BE3E49EE-4F27-42A0-83F6-FCC99B140FFA}.Debug|x86.Deploy.0 = Debug|Any CPU
		{BE3E49EE-4F27-42A0-83F6-FCC99B140FFA}.Release|Any CPU.ActiveCfg = Release|Any CPU
		{BE3E49EE-4F27-42A0-83F6-FCC99B140FFA}.Release|Any CPU.Build.0 = Release|Any CPU
		{BE3E49EE-4F27-42A0-83F6-FCC99B140FFA}.Release|Any CPU.Deploy.0 = Release|Any CPU
		{BE3E49EE-4F27-42A0-83F6-FCC99B140FFA}.Release|ARM.ActiveCfg = Release|Any CPU
		{BE3E49EE-4F27-42A0-83F6-FCC99B140FFA}.Release|ARM.Build.0 = Release|Any CPU
		{BE3E49EE-4F27-42A0-83F6-FCC99B140FFA}.Release|ARM.Deploy.0 = Release|Any CPU
		{BE3E49EE-4F27-42A0-83F6-FCC99B140FFA}.Release|iPhone.ActiveCfg = Release|Any CPU
		{BE3E49EE-4F27-42A0-83F6-FCC99B140FFA}.Release|iPhone.Build.0 = Release|Any CPU
		{BE3E49EE-4F27-42A0-83F6-FCC99B140FFA}.Release|iPhone.Deploy.0 = Release|Any CPU
		{BE3E49EE-4F27-42A0-83F6-FCC99B140FFA}.Release|iPhoneSimulator.ActiveCfg = Release|Any CPU
		{BE3E49EE-4F27-42A0-83F6-FCC99B140FFA}.Release|iPhoneSimulator.Build.0 = Release|Any CPU
		{BE3E49EE-4F27-42A0-83F6-FCC99B140FFA}.Release|iPhoneSimulator.Deploy.0 = Release|Any CPU
		{BE3E49EE-4F27-42A0-83F6-FCC99B140FFA}.Release|x64.ActiveCfg = Release|Any CPU
		{BE3E49EE-4F27-42A0-83F6-FCC99B140FFA}.Release|x64.Build.0 = Release|Any CPU
		{BE3E49EE-4F27-42A0-83F6-FCC99B140FFA}.Release|x64.Deploy.0 = Release|Any CPU
		{BE3E49EE-4F27-42A0-83F6-FCC99B140FFA}.Release|x86.ActiveCfg = Release|Any CPU
		{BE3E49EE-4F27-42A0-83F6-FCC99B140FFA}.Release|x86.Build.0 = Release|Any CPU
		{BE3E49EE-4F27-42A0-83F6-FCC99B140FFA}.Release|x86.Deploy.0 = Release|Any CPU
		{84D5F78A-BD11-4DD3-BD81-AA8071E1C3E4}.Debug|Any CPU.ActiveCfg = Debug|iPhoneSimulator
		{84D5F78A-BD11-4DD3-BD81-AA8071E1C3E4}.Debug|Any CPU.Build.0 = Debug|iPhoneSimulator
		{84D5F78A-BD11-4DD3-BD81-AA8071E1C3E4}.Debug|Any CPU.Deploy.0 = Debug|iPhoneSimulator
		{84D5F78A-BD11-4DD3-BD81-AA8071E1C3E4}.Debug|ARM.ActiveCfg = Debug|iPhone
		{84D5F78A-BD11-4DD3-BD81-AA8071E1C3E4}.Debug|ARM.Build.0 = Debug|iPhone
		{84D5F78A-BD11-4DD3-BD81-AA8071E1C3E4}.Debug|ARM.Deploy.0 = Debug|iPhone
		{84D5F78A-BD11-4DD3-BD81-AA8071E1C3E4}.Debug|iPhone.ActiveCfg = Debug|iPhone
		{84D5F78A-BD11-4DD3-BD81-AA8071E1C3E4}.Debug|iPhone.Build.0 = Debug|iPhone
		{84D5F78A-BD11-4DD3-BD81-AA8071E1C3E4}.Debug|iPhone.Deploy.0 = Debug|iPhone
		{84D5F78A-BD11-4DD3-BD81-AA8071E1C3E4}.Debug|iPhoneSimulator.ActiveCfg = Debug|iPhoneSimulator
		{84D5F78A-BD11-4DD3-BD81-AA8071E1C3E4}.Debug|iPhoneSimulator.Build.0 = Debug|iPhoneSimulator
		{84D5F78A-BD11-4DD3-BD81-AA8071E1C3E4}.Debug|iPhoneSimulator.Deploy.0 = Debug|iPhoneSimulator
		{84D5F78A-BD11-4DD3-BD81-AA8071E1C3E4}.Debug|x64.ActiveCfg = Debug|iPhoneSimulator
		{84D5F78A-BD11-4DD3-BD81-AA8071E1C3E4}.Debug|x64.Build.0 = Debug|iPhoneSimulator
		{84D5F78A-BD11-4DD3-BD81-AA8071E1C3E4}.Debug|x64.Deploy.0 = Debug|iPhoneSimulator
		{84D5F78A-BD11-4DD3-BD81-AA8071E1C3E4}.Debug|x86.ActiveCfg = Debug|iPhoneSimulator
		{84D5F78A-BD11-4DD3-BD81-AA8071E1C3E4}.Debug|x86.Build.0 = Debug|iPhoneSimulator
		{84D5F78A-BD11-4DD3-BD81-AA8071E1C3E4}.Debug|x86.Deploy.0 = Debug|iPhoneSimulator
		{84D5F78A-BD11-4DD3-BD81-AA8071E1C3E4}.Release|Any CPU.ActiveCfg = Release|iPhoneSimulator
		{84D5F78A-BD11-4DD3-BD81-AA8071E1C3E4}.Release|Any CPU.Build.0 = Release|iPhoneSimulator
		{84D5F78A-BD11-4DD3-BD81-AA8071E1C3E4}.Release|Any CPU.Deploy.0 = Release|iPhoneSimulator
		{84D5F78A-BD11-4DD3-BD81-AA8071E1C3E4}.Release|ARM.ActiveCfg = Release|iPhoneSimulator
		{84D5F78A-BD11-4DD3-BD81-AA8071E1C3E4}.Release|ARM.Build.0 = Release|iPhoneSimulator
		{84D5F78A-BD11-4DD3-BD81-AA8071E1C3E4}.Release|ARM.Deploy.0 = Release|iPhoneSimulator
		{84D5F78A-BD11-4DD3-BD81-AA8071E1C3E4}.Release|iPhone.ActiveCfg = Release|iPhone
		{84D5F78A-BD11-4DD3-BD81-AA8071E1C3E4}.Release|iPhone.Build.0 = Release|iPhone
		{84D5F78A-BD11-4DD3-BD81-AA8071E1C3E4}.Release|iPhone.Deploy.0 = Release|iPhone
		{84D5F78A-BD11-4DD3-BD81-AA8071E1C3E4}.Release|iPhoneSimulator.ActiveCfg = Release|iPhoneSimulator
		{84D5F78A-BD11-4DD3-BD81-AA8071E1C3E4}.Release|iPhoneSimulator.Build.0 = Release|iPhoneSimulator
		{84D5F78A-BD11-4DD3-BD81-AA8071E1C3E4}.Release|iPhoneSimulator.Deploy.0 = Release|iPhoneSimulator
		{84D5F78A-BD11-4DD3-BD81-AA8071E1C3E4}.Release|x64.ActiveCfg = Release|iPhoneSimulator
		{84D5F78A-BD11-4DD3-BD81-AA8071E1C3E4}.Release|x64.Build.0 = Release|iPhoneSimulator
		{84D5F78A-BD11-4DD3-BD81-AA8071E1C3E4}.Release|x64.Deploy.0 = Release|iPhoneSimulator
		{84D5F78A-BD11-4DD3-BD81-AA8071E1C3E4}.Release|x86.ActiveCfg = Release|iPhoneSimulator
		{84D5F78A-BD11-4DD3-BD81-AA8071E1C3E4}.Release|x86.Build.0 = Release|iPhoneSimulator
		{84D5F78A-BD11-4DD3-BD81-AA8071E1C3E4}.Release|x86.Deploy.0 = Release|iPhoneSimulator
		{A905C0F0-248A-4851-9CBA-5AE552C4E975}.Debug|Any CPU.ActiveCfg = Debug|Any CPU
		{A905C0F0-248A-4851-9CBA-5AE552C4E975}.Debug|Any CPU.Build.0 = Debug|Any CPU
		{A905C0F0-248A-4851-9CBA-5AE552C4E975}.Debug|Any CPU.Deploy.0 = Debug|Any CPU
		{A905C0F0-248A-4851-9CBA-5AE552C4E975}.Debug|ARM.ActiveCfg = Debug|Any CPU
		{A905C0F0-248A-4851-9CBA-5AE552C4E975}.Debug|ARM.Build.0 = Debug|Any CPU
		{A905C0F0-248A-4851-9CBA-5AE552C4E975}.Debug|ARM.Deploy.0 = Debug|Any CPU
		{A905C0F0-248A-4851-9CBA-5AE552C4E975}.Debug|iPhone.ActiveCfg = Debug|Any CPU
		{A905C0F0-248A-4851-9CBA-5AE552C4E975}.Debug|iPhone.Build.0 = Debug|Any CPU
		{A905C0F0-248A-4851-9CBA-5AE552C4E975}.Debug|iPhone.Deploy.0 = Debug|Any CPU
		{A905C0F0-248A-4851-9CBA-5AE552C4E975}.Debug|iPhoneSimulator.ActiveCfg = Debug|Any CPU
		{A905C0F0-248A-4851-9CBA-5AE552C4E975}.Debug|iPhoneSimulator.Build.0 = Debug|Any CPU
		{A905C0F0-248A-4851-9CBA-5AE552C4E975}.Debug|iPhoneSimulator.Deploy.0 = Debug|Any CPU
		{A905C0F0-248A-4851-9CBA-5AE552C4E975}.Debug|x64.ActiveCfg = Debug|Any CPU
		{A905C0F0-248A-4851-9CBA-5AE552C4E975}.Debug|x64.Build.0 = Debug|Any CPU
		{A905C0F0-248A-4851-9CBA-5AE552C4E975}.Debug|x64.Deploy.0 = Debug|Any CPU
		{A905C0F0-248A-4851-9CBA-5AE552C4E975}.Debug|x86.ActiveCfg = Debug|Any CPU
		{A905C0F0-248A-4851-9CBA-5AE552C4E975}.Debug|x86.Build.0 = Debug|Any CPU
		{A905C0F0-248A-4851-9CBA-5AE552C4E975}.Debug|x86.Deploy.0 = Debug|Any CPU
		{A905C0F0-248A-4851-9CBA-5AE552C4E975}.Release|Any CPU.ActiveCfg = Release|Any CPU
		{A905C0F0-248A-4851-9CBA-5AE552C4E975}.Release|Any CPU.Build.0 = Release|Any CPU
		{A905C0F0-248A-4851-9CBA-5AE552C4E975}.Release|Any CPU.Deploy.0 = Release|Any CPU
		{A905C0F0-248A-4851-9CBA-5AE552C4E975}.Release|ARM.ActiveCfg = Release|Any CPU
		{A905C0F0-248A-4851-9CBA-5AE552C4E975}.Release|ARM.Build.0 = Release|Any CPU
		{A905C0F0-248A-4851-9CBA-5AE552C4E975}.Release|ARM.Deploy.0 = Release|Any CPU
		{A905C0F0-248A-4851-9CBA-5AE552C4E975}.Release|iPhone.ActiveCfg = Release|Any CPU
		{A905C0F0-248A-4851-9CBA-5AE552C4E975}.Release|iPhone.Build.0 = Release|Any CPU
		{A905C0F0-248A-4851-9CBA-5AE552C4E975}.Release|iPhone.Deploy.0 = Release|Any CPU
		{A905C0F0-248A-4851-9CBA-5AE552C4E975}.Release|iPhoneSimulator.ActiveCfg = Release|Any CPU
		{A905C0F0-248A-4851-9CBA-5AE552C4E975}.Release|iPhoneSimulator.Build.0 = Release|Any CPU
		{A905C0F0-248A-4851-9CBA-5AE552C4E975}.Release|iPhoneSimulator.Deploy.0 = Release|Any CPU
		{A905C0F0-248A-4851-9CBA-5AE552C4E975}.Release|x64.ActiveCfg = Release|Any CPU
		{A905C0F0-248A-4851-9CBA-5AE552C4E975}.Release|x64.Build.0 = Release|Any CPU
		{A905C0F0-248A-4851-9CBA-5AE552C4E975}.Release|x64.Deploy.0 = Release|Any CPU
		{A905C0F0-248A-4851-9CBA-5AE552C4E975}.Release|x86.ActiveCfg = Release|Any CPU
		{A905C0F0-248A-4851-9CBA-5AE552C4E975}.Release|x86.Build.0 = Release|Any CPU
		{A905C0F0-248A-4851-9CBA-5AE552C4E975}.Release|x86.Deploy.0 = Release|Any CPU
	EndGlobalSection
	GlobalSection(SolutionProperties) = preSolution
		HideSolutionNode = FALSE
	EndGlobalSection
	GlobalSection(ExtensibilityGlobals) = postSolution
		SolutionGuid = {4F5DB17C-4714-40D6-AFF1-A804467521AE}
	EndGlobalSection
EndGlobal
